
Microsoft Visual Studio Solution File, Format Version 12.00
# Visual Studio 15
VisualStudioVersion = 15.0.27130.2003
MinimumVisualStudioVersion = 10.0.40219.1
Project("{2150E333-8FDC-42A3-9474-1A3956D46DE8}") = "Archivos Compartidos", "Archivos Compartidos", "{A7AAB93D-0E57-4580-96C8-51710EF8D2FA}"
	ProjectSection(SolutionItems) = preProject
		ProntoMVC\Documentos\sql\ALTERTABLE 2011 Modulo WEB.sql = ProntoMVC\Documentos\sql\ALTERTABLE 2011 Modulo WEB.sql
		..\ProntoWeb\Documentos\otros\comparar cabeza y detalle req.sql = ..\ProntoWeb\Documentos\otros\comparar cabeza y detalle req.sql
		..\ProntoWeb\ProntoWeb\Comparativa.aspx.vb = ..\ProntoWeb\ProntoWeb\Comparativa.aspx.vb
		ProntoMVC\Documentos\sql\DetalleFacturas_PorIdCartaPorte RefrescarCartasPorteDetalleFacturas.sql = ProntoMVC\Documentos\sql\DetalleFacturas_PorIdCartaPorte RefrescarCartasPorteDetalleFacturas.sql
		prontoweb\Documentos\estadisticas descarga wCartasDePorte_TX_EstadisticasDeDescarga.sql = prontoweb\Documentos\estadisticas descarga wCartasDePorte_TX_EstadisticasDeDescarga.sql
		..\ProntoWeb\Documentos\Factura_Williams.dot = ..\ProntoWeb\Documentos\Factura_Williams.dot
		ProntoMVC\Documentos\sql\fSQL_GetDataTableFiltradoYPaginado  wCartasPorte_WraperDeLaTVF.sql = ProntoMVC\Documentos\sql\fSQL_GetDataTableFiltradoYPaginado  wCartasPorte_WraperDeLaTVF.sql
		horas.sql = horas.sql
		..\ProntoWeb\Documentos\dev\instalacion.docx = ..\ProntoWeb\Documentos\dev\instalacion.docx
		..\ProntoWeb\Documentos\dev\Nuevas_Tablas WEB.sql = ..\ProntoWeb\Documentos\dev\Nuevas_Tablas WEB.sql
		..\ProntoWeb\Documentos\dev\Nuevos_SP WEB desarrollo.sql = ..\ProntoWeb\Documentos\dev\Nuevos_SP WEB desarrollo.sql
		Novedades\Nuevos_SP.sql = Novedades\Nuevos_SP.sql
		..\ProntoWeb\App_Code\vbcode\ManagerDebug\SincronismosWilliamsManager.vb = ..\ProntoWeb\App_Code\vbcode\ManagerDebug\SincronismosWilliamsManager.vb
		SqlQuery_1.sql = SqlQuery_1.sql
		..\prontoweb\Documentos\dev\superbuscador williams.sql = ..\prontoweb\Documentos\dev\superbuscador williams.sql
		..\ProntoWeb\Documentos\dev\superbuscador.sql = ..\ProntoWeb\Documentos\dev\superbuscador.sql
		..\prontoweb\Documentos\dev\wCartasDePorte_TX_FacturacionAutomatica_con_wGrillaPersistencia y wCartasDePorte_TX_FacturacionAutomatica original.sql = ..\prontoweb\Documentos\dev\wCartasDePorte_TX_FacturacionAutomatica_con_wGrillaPersistencia y wCartasDePorte_TX_FacturacionAutomatica original.sql
		prontoweb\Documentos\wCartasDePorte_TX_MapaEstrategico.sql = prontoweb\Documentos\wCartasDePorte_TX_MapaEstrategico.sql
		..\ProntoWeb\web.config = ..\ProntoWeb\web.config
	EndProjectSection
EndProject
Project("{2150E333-8FDC-42A3-9474-1A3956D46DE8}") = "Capen", "Capen", "{AD47E999-E287-4218-AA37-C6C22B899D33}"
	ProjectSection(SolutionItems) = preProject
		..\ProntoProduccion\Formularios\frmEtiqueta.frm = ..\ProntoProduccion\Formularios\frmEtiqueta.frm
		..\ProntoProduccion\Formularios\frmMiniParte.frm = ..\ProntoProduccion\Formularios\frmMiniParte.frm
		..\ProntoProduccion\Formularios\frmPrincipal.frm = ..\ProntoProduccion\Formularios\frmPrincipal.frm
		..\ProntoProduccion\Formularios\ProduccionModulo.bas = ..\ProntoProduccion\Formularios\ProduccionModulo.bas
	EndProjectSection
EndProject
Project("{2150E333-8FDC-42A3-9474-1A3956D46DE8}") = "proyectos", "proyectos", "{D36118EC-8AAB-4E61-B264-5D29A5232BDC}"
	ProjectSection(SolutionItems) = preProject
		ProntoMVC\Reportes\Proyectos de reporting\Report Project1.sln = ProntoMVC\Reportes\Proyectos de reporting\Report Project1.sln
		..\SQL Server Scripts1\SQL Server Scripts1.ssmssqlproj = ..\SQL Server Scripts1\SQL Server Scripts1.ssmssqlproj
	EndProjectSection
EndProject
Project("{F184B08F-C81C-45F6-A57F-5ABD9991F28F}") = "BusinessLogic", "BussinessLogic\BusinessLogic.vbproj", "{AB8BB713-FFA1-4440-B49B-1857E61367C9}"
EndProject
Project("{FAE04EC0-301F-11D3-BF4B-00C04F79EFBC}") = "ProntoMVC.Test", "TestProject2\ProntoMVC.Test.csproj", "{4E3DDBC8-E035-452F-9984-06E02E173E73}"
	ProjectSection(ProjectDependencies) = postProject
		{17487390-6297-4D1C-8B73-57B636F0C114} = {17487390-6297-4D1C-8B73-57B636F0C114}
	EndProjectSection
EndProject
Project("{FAE04EC0-301F-11D3-BF4B-00C04F79EFBC}") = "ProntoMVC.Data", "Data\ProntoMVC.Data.csproj", "{2F9B9020-304C-44A6-BCC4-9E434C687D31}"
EndProject
Project("{2150E333-8FDC-42A3-9474-1A3956D46DE8}") = ".nuget", ".nuget", "{1ECBCA37-23DE-4ECC-9613-0AD6013FA18E}"
	ProjectSection(SolutionItems) = preProject
		.nuget\NuGet.Config = .nuget\NuGet.Config
		.nuget\NuGet.exe = .nuget\NuGet.exe
		.nuget\NuGet.targets = .nuget\NuGet.targets
	EndProjectSection
EndProject
Project("{FAE04EC0-301F-11D3-BF4B-00C04F79EFBC}") = "InterfazFlexicapture", "InterfazFlexicapture\InterfazFlexicapture.csproj", "{CCA1E32E-7C60-4312-B521-11A6E4CCFCA2}"
EndProject
Project("{FAE04EC0-301F-11D3-BF4B-00C04F79EFBC}") = "ProntoAgente", "ProntoWindowsService\ProntoAgente.csproj", "{7D5126A2-B2CA-441C-8D73-2AD8F3EF7FDB}"
EndProject
Project("{2150E333-8FDC-42A3-9474-1A3956D46DE8}") = "ProntoWebforms", "ProntoWebforms", "{715BC03D-B453-4269-B1F4-08EDEF0BE038}"
	ProjectSection(SolutionItems) = preProject
		..\prontoweb\ProntoWeb\CartaDePorteInformesConReportViewerSincronismos.aspx = ..\prontoweb\ProntoWeb\CartaDePorteInformesConReportViewerSincronismos.aspx
		..\prontoweb\ProntoWeb\CartaDePorteInformesConReportViewerSincronismos.aspx.vb = ..\prontoweb\ProntoWeb\CartaDePorteInformesConReportViewerSincronismos.aspx.vb
		..\prontoweb\ProntoWeb\CartasDePorteFotos.aspx.vb = ..\prontoweb\ProntoWeb\CartasDePorteFotos.aspx.vb
		..\prontoweb\ProntoWeb\CartasDePorteImportador.aspx = ..\prontoweb\ProntoWeb\CartasDePorteImportador.aspx
		..\prontoweb\ProntoWeb\CartasDePorteImportador.aspx.vb = ..\prontoweb\ProntoWeb\CartasDePorteImportador.aspx.vb
		..\prontoweb\ProntoWeb\CartasDePorteReasignarImagenListado.aspx = ..\prontoweb\ProntoWeb\CartasDePorteReasignarImagenListado.aspx
		..\prontoweb\ProntoWeb\CartasDePorteReasignarImagenListado.aspx.vb = ..\prontoweb\ProntoWeb\CartasDePorteReasignarImagenListado.aspx.vb
		..\prontoweb\ProntoWeb\Facturas.aspx.vb = ..\prontoweb\ProntoWeb\Facturas.aspx.vb
	EndProjectSection
EndProject
Project("{2150E333-8FDC-42A3-9474-1A3956D46DE8}") = "Solution Items", "Solution Items", "{17DF5DFF-FC64-437F-9843-AD0B9728948C}"
	ProjectSection(SolutionItems) = preProject
		Performance1.psess = Performance1.psess
	EndProjectSection
EndProject
Project("{F14B399A-7131-4C87-9E4B-1186C45EF12D}") = "Informes", "ProntoMVC\Reportes\Proyectos de reporting\Report Project1\Informes.rptproj", "{4E7AC3B5-C7E4-4A81-8539-ECE39D8794AC}"
EndProject
Project("{FAE04EC0-301F-11D3-BF4B-00C04F79EFBC}") = "ProntoMVC", "ProntoMVC\ProntoMVC.csproj", "{17487390-6297-4D1C-8B73-57B636F0C114}"
EndProject
Project("{E24C65DC-7377-472B-9ABA-BC803B73C61A}") = "prontoweb", "prontoweb\", "{00E21C39-77D5-4A7E-AB17-FBFFBF74FF1C}"
	ProjectSection(WebsiteProperties) = preProject
		TargetFrameworkMoniker = ".NETFramework,Version%3Dv4.7"
		ProjectReferences = "{2f9b9020-304c-44a6-bcc4-9e434c687d31}|ProntoMVC.Data.dll;{cca1e32e-7c60-4312-b521-11a6e4ccfca2}|InterfazFlexicapture.dll;{AB8BB713-FFA1-4440-B49B-1857E61367C9}|BusinessLogic.dll;"
		Debug.AspNetCompiler.VirtualPath = "/localhost_50769"
		Debug.AspNetCompiler.PhysicalPath = "prontoweb\"
		Debug.AspNetCompiler.TargetPath = "PrecompiledWeb\localhost_50769\"
		Debug.AspNetCompiler.Updateable = "true"
		Debug.AspNetCompiler.ForceOverwrite = "true"
		Debug.AspNetCompiler.FixedNames = "false"
		Debug.AspNetCompiler.Debug = "True"
		Release.AspNetCompiler.VirtualPath = "/localhost_50769"
		Release.AspNetCompiler.PhysicalPath = "prontoweb\"
		Release.AspNetCompiler.TargetPath = "PrecompiledWeb\localhost_50769\"
		Release.AspNetCompiler.Updateable = "true"
		Release.AspNetCompiler.ForceOverwrite = "true"
		Release.AspNetCompiler.FixedNames = "false"
		Release.AspNetCompiler.Debug = "False"
		VWDPort = "50769"
		SlnRelativePath = "prontoweb\"
	EndProjectSection
	ProjectSection(ProjectDependencies) = postProject
		{AB8BB713-FFA1-4440-B49B-1857E61367C9} = {AB8BB713-FFA1-4440-B49B-1857E61367C9}
		{CCA1E32E-7C60-4312-B521-11A6E4CCFCA2} = {CCA1E32E-7C60-4312-B521-11A6E4CCFCA2}
	EndProjectSection
EndProject
Global
	GlobalSection(SolutionConfigurationPlatforms) = preSolution
		Debug|Android = Debug|Android
		Debug|Any CPU = Debug|Any CPU
		Debug|iOS = Debug|iOS
		Debug|Mixed Platforms = Debug|Mixed Platforms
		Debug|Windows-ARM = Debug|Windows-ARM
		Debug|Windows-x64 = Debug|Windows-x64
		Debug|Windows-x86 = Debug|Windows-x86
		Debug|x86 = Debug|x86
		DebugLocal|Android = DebugLocal|Android
		DebugLocal|Any CPU = DebugLocal|Any CPU
		DebugLocal|iOS = DebugLocal|iOS
		DebugLocal|Mixed Platforms = DebugLocal|Mixed Platforms
		DebugLocal|Windows-ARM = DebugLocal|Windows-ARM
		DebugLocal|Windows-x64 = DebugLocal|Windows-x64
		DebugLocal|Windows-x86 = DebugLocal|Windows-x86
		DebugLocal|x86 = DebugLocal|x86
		DebugWilly|Android = DebugWilly|Android
		DebugWilly|Any CPU = DebugWilly|Any CPU
		DebugWilly|iOS = DebugWilly|iOS
		DebugWilly|Mixed Platforms = DebugWilly|Mixed Platforms
		DebugWilly|Windows-ARM = DebugWilly|Windows-ARM
		DebugWilly|Windows-x64 = DebugWilly|Windows-x64
		DebugWilly|Windows-x86 = DebugWilly|Windows-x86
		DebugWilly|x86 = DebugWilly|x86
		Development|Android = Development|Android
		Development|Any CPU = Development|Any CPU
		Development|iOS = Development|iOS
		Development|Mixed Platforms = Development|Mixed Platforms
		Development|Windows-ARM = Development|Windows-ARM
		Development|Windows-x64 = Development|Windows-x64
		Development|Windows-x86 = Development|Windows-x86
		Development|x86 = Development|x86
		Release|Android = Release|Android
		Release|Any CPU = Release|Any CPU
		Release|iOS = Release|iOS
		Release|Mixed Platforms = Release|Mixed Platforms
		Release|Windows-ARM = Release|Windows-ARM
		Release|Windows-x64 = Release|Windows-x64
		Release|Windows-x86 = Release|Windows-x86
		Release|x86 = Release|x86
	EndGlobalSection
	GlobalSection(ProjectConfigurationPlatforms) = postSolution
		{AB8BB713-FFA1-4440-B49B-1857E61367C9}.Debug|Android.ActiveCfg = Debug|Any CPU
		{AB8BB713-FFA1-4440-B49B-1857E61367C9}.Debug|Android.Build.0 = Debug|Any CPU
		{AB8BB713-FFA1-4440-B49B-1857E61367C9}.Debug|Any CPU.ActiveCfg = Debug|Any CPU
		{AB8BB713-FFA1-4440-B49B-1857E61367C9}.Debug|Any CPU.Build.0 = Debug|Any CPU
		{AB8BB713-FFA1-4440-B49B-1857E61367C9}.Debug|iOS.ActiveCfg = Debug|Any CPU
		{AB8BB713-FFA1-4440-B49B-1857E61367C9}.Debug|iOS.Build.0 = Debug|Any CPU
		{AB8BB713-FFA1-4440-B49B-1857E61367C9}.Debug|Mixed Platforms.ActiveCfg = Debug|Any CPU
		{AB8BB713-FFA1-4440-B49B-1857E61367C9}.Debug|Mixed Platforms.Build.0 = Debug|Any CPU
		{AB8BB713-FFA1-4440-B49B-1857E61367C9}.Debug|Windows-ARM.ActiveCfg = Debug|Any CPU
		{AB8BB713-FFA1-4440-B49B-1857E61367C9}.Debug|Windows-ARM.Build.0 = Debug|Any CPU
		{AB8BB713-FFA1-4440-B49B-1857E61367C9}.Debug|Windows-x64.ActiveCfg = Debug|Any CPU
		{AB8BB713-FFA1-4440-B49B-1857E61367C9}.Debug|Windows-x64.Build.0 = Debug|Any CPU
		{AB8BB713-FFA1-4440-B49B-1857E61367C9}.Debug|Windows-x86.ActiveCfg = Debug|Any CPU
		{AB8BB713-FFA1-4440-B49B-1857E61367C9}.Debug|Windows-x86.Build.0 = Debug|Any CPU
		{AB8BB713-FFA1-4440-B49B-1857E61367C9}.Debug|x86.ActiveCfg = Debug|x86
		{AB8BB713-FFA1-4440-B49B-1857E61367C9}.Debug|x86.Build.0 = Debug|x86
		{AB8BB713-FFA1-4440-B49B-1857E61367C9}.DebugLocal|Android.ActiveCfg = DebugLocal|Any CPU
		{AB8BB713-FFA1-4440-B49B-1857E61367C9}.DebugLocal|Android.Build.0 = DebugLocal|Any CPU
		{AB8BB713-FFA1-4440-B49B-1857E61367C9}.DebugLocal|Any CPU.ActiveCfg = Debug|Any CPU
		{AB8BB713-FFA1-4440-B49B-1857E61367C9}.DebugLocal|Any CPU.Build.0 = Debug|Any CPU
		{AB8BB713-FFA1-4440-B49B-1857E61367C9}.DebugLocal|iOS.ActiveCfg = DebugLocal|Any CPU
		{AB8BB713-FFA1-4440-B49B-1857E61367C9}.DebugLocal|iOS.Build.0 = DebugLocal|Any CPU
		{AB8BB713-FFA1-4440-B49B-1857E61367C9}.DebugLocal|Mixed Platforms.ActiveCfg = DebugLocal|Any CPU
		{AB8BB713-FFA1-4440-B49B-1857E61367C9}.DebugLocal|Windows-ARM.ActiveCfg = DebugLocal|Any CPU
		{AB8BB713-FFA1-4440-B49B-1857E61367C9}.DebugLocal|Windows-ARM.Build.0 = DebugLocal|Any CPU
		{AB8BB713-FFA1-4440-B49B-1857E61367C9}.DebugLocal|Windows-x64.ActiveCfg = DebugLocal|Any CPU
		{AB8BB713-FFA1-4440-B49B-1857E61367C9}.DebugLocal|Windows-x64.Build.0 = DebugLocal|Any CPU
		{AB8BB713-FFA1-4440-B49B-1857E61367C9}.DebugLocal|Windows-x86.ActiveCfg = DebugLocal|Any CPU
		{AB8BB713-FFA1-4440-B49B-1857E61367C9}.DebugLocal|Windows-x86.Build.0 = DebugLocal|Any CPU
		{AB8BB713-FFA1-4440-B49B-1857E61367C9}.DebugLocal|x86.ActiveCfg = DebugLocal|Any CPU
		{AB8BB713-FFA1-4440-B49B-1857E61367C9}.DebugWilly|Android.ActiveCfg = DebugWilly|Any CPU
		{AB8BB713-FFA1-4440-B49B-1857E61367C9}.DebugWilly|Android.Build.0 = DebugWilly|Any CPU
		{AB8BB713-FFA1-4440-B49B-1857E61367C9}.DebugWilly|Any CPU.ActiveCfg = Debug|Any CPU
		{AB8BB713-FFA1-4440-B49B-1857E61367C9}.DebugWilly|Any CPU.Build.0 = Debug|Any CPU
		{AB8BB713-FFA1-4440-B49B-1857E61367C9}.DebugWilly|iOS.ActiveCfg = DebugWilly|Any CPU
		{AB8BB713-FFA1-4440-B49B-1857E61367C9}.DebugWilly|iOS.Build.0 = DebugWilly|Any CPU
		{AB8BB713-FFA1-4440-B49B-1857E61367C9}.DebugWilly|Mixed Platforms.ActiveCfg = Debug|x86
		{AB8BB713-FFA1-4440-B49B-1857E61367C9}.DebugWilly|Mixed Platforms.Build.0 = Debug|x86
		{AB8BB713-FFA1-4440-B49B-1857E61367C9}.DebugWilly|Windows-ARM.ActiveCfg = DebugWilly|Any CPU
		{AB8BB713-FFA1-4440-B49B-1857E61367C9}.DebugWilly|Windows-ARM.Build.0 = DebugWilly|Any CPU
		{AB8BB713-FFA1-4440-B49B-1857E61367C9}.DebugWilly|Windows-x64.ActiveCfg = DebugWilly|Any CPU
		{AB8BB713-FFA1-4440-B49B-1857E61367C9}.DebugWilly|Windows-x64.Build.0 = DebugWilly|Any CPU
		{AB8BB713-FFA1-4440-B49B-1857E61367C9}.DebugWilly|Windows-x86.ActiveCfg = DebugWilly|Any CPU
		{AB8BB713-FFA1-4440-B49B-1857E61367C9}.DebugWilly|Windows-x86.Build.0 = DebugWilly|Any CPU
		{AB8BB713-FFA1-4440-B49B-1857E61367C9}.DebugWilly|x86.ActiveCfg = DebugWilly|x86
		{AB8BB713-FFA1-4440-B49B-1857E61367C9}.DebugWilly|x86.Build.0 = DebugWilly|x86
		{AB8BB713-FFA1-4440-B49B-1857E61367C9}.Development|Android.ActiveCfg = DebugServer3|Any CPU
		{AB8BB713-FFA1-4440-B49B-1857E61367C9}.Development|Android.Build.0 = DebugServer3|Any CPU
		{AB8BB713-FFA1-4440-B49B-1857E61367C9}.Development|Any CPU.ActiveCfg = DebugLocal|Any CPU
		{AB8BB713-FFA1-4440-B49B-1857E61367C9}.Development|iOS.ActiveCfg = DebugServer3|Any CPU
		{AB8BB713-FFA1-4440-B49B-1857E61367C9}.Development|iOS.Build.0 = DebugServer3|Any CPU
		{AB8BB713-FFA1-4440-B49B-1857E61367C9}.Development|Mixed Platforms.ActiveCfg = DebugLocal|Any CPU
		{AB8BB713-FFA1-4440-B49B-1857E61367C9}.Development|Windows-ARM.ActiveCfg = DebugServer3|Any CPU
		{AB8BB713-FFA1-4440-B49B-1857E61367C9}.Development|Windows-ARM.Build.0 = DebugServer3|Any CPU
		{AB8BB713-FFA1-4440-B49B-1857E61367C9}.Development|Windows-x64.ActiveCfg = DebugServer3|Any CPU
		{AB8BB713-FFA1-4440-B49B-1857E61367C9}.Development|Windows-x64.Build.0 = DebugServer3|Any CPU
		{AB8BB713-FFA1-4440-B49B-1857E61367C9}.Development|Windows-x86.ActiveCfg = DebugServer3|Any CPU
		{AB8BB713-FFA1-4440-B49B-1857E61367C9}.Development|Windows-x86.Build.0 = DebugServer3|Any CPU
		{AB8BB713-FFA1-4440-B49B-1857E61367C9}.Development|x86.ActiveCfg = DebugLocal|Any CPU
		{AB8BB713-FFA1-4440-B49B-1857E61367C9}.Release|Android.ActiveCfg = Release|Any CPU
		{AB8BB713-FFA1-4440-B49B-1857E61367C9}.Release|Android.Build.0 = Release|Any CPU
		{AB8BB713-FFA1-4440-B49B-1857E61367C9}.Release|Any CPU.ActiveCfg = Release|Any CPU
		{AB8BB713-FFA1-4440-B49B-1857E61367C9}.Release|iOS.ActiveCfg = Release|Any CPU
		{AB8BB713-FFA1-4440-B49B-1857E61367C9}.Release|iOS.Build.0 = Release|Any CPU
		{AB8BB713-FFA1-4440-B49B-1857E61367C9}.Release|Mixed Platforms.ActiveCfg = Release|Any CPU
		{AB8BB713-FFA1-4440-B49B-1857E61367C9}.Release|Windows-ARM.ActiveCfg = Release|Any CPU
		{AB8BB713-FFA1-4440-B49B-1857E61367C9}.Release|Windows-ARM.Build.0 = Release|Any CPU
		{AB8BB713-FFA1-4440-B49B-1857E61367C9}.Release|Windows-x64.ActiveCfg = Release|Any CPU
		{AB8BB713-FFA1-4440-B49B-1857E61367C9}.Release|Windows-x64.Build.0 = Release|Any CPU
		{AB8BB713-FFA1-4440-B49B-1857E61367C9}.Release|Windows-x86.ActiveCfg = Release|Any CPU
		{AB8BB713-FFA1-4440-B49B-1857E61367C9}.Release|Windows-x86.Build.0 = Release|Any CPU
		{AB8BB713-FFA1-4440-B49B-1857E61367C9}.Release|x86.ActiveCfg = Release|Any CPU
		{AB8BB713-FFA1-4440-B49B-1857E61367C9}.Release|x86.Build.0 = Release|Any CPU
		{4E3DDBC8-E035-452F-9984-06E02E173E73}.Debug|Android.ActiveCfg = Debug|Any CPU
		{4E3DDBC8-E035-452F-9984-06E02E173E73}.Debug|Android.Build.0 = Debug|Any CPU
		{4E3DDBC8-E035-452F-9984-06E02E173E73}.Debug|Any CPU.ActiveCfg = Debug|Any CPU
		{4E3DDBC8-E035-452F-9984-06E02E173E73}.Debug|Any CPU.Build.0 = Debug|Any CPU
		{4E3DDBC8-E035-452F-9984-06E02E173E73}.Debug|iOS.ActiveCfg = Debug|Any CPU
		{4E3DDBC8-E035-452F-9984-06E02E173E73}.Debug|iOS.Build.0 = Debug|Any CPU
		{4E3DDBC8-E035-452F-9984-06E02E173E73}.Debug|Mixed Platforms.ActiveCfg = Debug|Any CPU
		{4E3DDBC8-E035-452F-9984-06E02E173E73}.Debug|Mixed Platforms.Build.0 = Debug|Any CPU
		{4E3DDBC8-E035-452F-9984-06E02E173E73}.Debug|Windows-ARM.ActiveCfg = Debug|Any CPU
		{4E3DDBC8-E035-452F-9984-06E02E173E73}.Debug|Windows-ARM.Build.0 = Debug|Any CPU
		{4E3DDBC8-E035-452F-9984-06E02E173E73}.Debug|Windows-x64.ActiveCfg = Debug|Any CPU
		{4E3DDBC8-E035-452F-9984-06E02E173E73}.Debug|Windows-x64.Build.0 = Debug|Any CPU
		{4E3DDBC8-E035-452F-9984-06E02E173E73}.Debug|Windows-x86.ActiveCfg = Debug|Any CPU
		{4E3DDBC8-E035-452F-9984-06E02E173E73}.Debug|Windows-x86.Build.0 = Debug|Any CPU
		{4E3DDBC8-E035-452F-9984-06E02E173E73}.Debug|x86.ActiveCfg = Debug|x86
		{4E3DDBC8-E035-452F-9984-06E02E173E73}.Debug|x86.Build.0 = Debug|x86
		{4E3DDBC8-E035-452F-9984-06E02E173E73}.DebugLocal|Android.ActiveCfg = DebugServer3|Any CPU
		{4E3DDBC8-E035-452F-9984-06E02E173E73}.DebugLocal|Android.Build.0 = DebugServer3|Any CPU
		{4E3DDBC8-E035-452F-9984-06E02E173E73}.DebugLocal|Any CPU.ActiveCfg = Debug|Any CPU
		{4E3DDBC8-E035-452F-9984-06E02E173E73}.DebugLocal|Any CPU.Build.0 = Debug|Any CPU
		{4E3DDBC8-E035-452F-9984-06E02E173E73}.DebugLocal|iOS.ActiveCfg = DebugServer3|Any CPU
		{4E3DDBC8-E035-452F-9984-06E02E173E73}.DebugLocal|iOS.Build.0 = DebugServer3|Any CPU
		{4E3DDBC8-E035-452F-9984-06E02E173E73}.DebugLocal|Mixed Platforms.ActiveCfg = Debug|Any CPU
		{4E3DDBC8-E035-452F-9984-06E02E173E73}.DebugLocal|Windows-ARM.ActiveCfg = DebugServer3|Any CPU
		{4E3DDBC8-E035-452F-9984-06E02E173E73}.DebugLocal|Windows-ARM.Build.0 = DebugServer3|Any CPU
		{4E3DDBC8-E035-452F-9984-06E02E173E73}.DebugLocal|Windows-x64.ActiveCfg = DebugServer3|Any CPU
		{4E3DDBC8-E035-452F-9984-06E02E173E73}.DebugLocal|Windows-x64.Build.0 = DebugServer3|Any CPU
		{4E3DDBC8-E035-452F-9984-06E02E173E73}.DebugLocal|Windows-x86.ActiveCfg = DebugServer3|Any CPU
		{4E3DDBC8-E035-452F-9984-06E02E173E73}.DebugLocal|Windows-x86.Build.0 = DebugServer3|Any CPU
		{4E3DDBC8-E035-452F-9984-06E02E173E73}.DebugLocal|x86.ActiveCfg = Debug|Any CPU
		{4E3DDBC8-E035-452F-9984-06E02E173E73}.DebugWilly|Android.ActiveCfg = DebugWilly|Any CPU
		{4E3DDBC8-E035-452F-9984-06E02E173E73}.DebugWilly|Android.Build.0 = DebugWilly|Any CPU
		{4E3DDBC8-E035-452F-9984-06E02E173E73}.DebugWilly|Any CPU.ActiveCfg = Debug|Any CPU
		{4E3DDBC8-E035-452F-9984-06E02E173E73}.DebugWilly|Any CPU.Build.0 = Debug|Any CPU
		{4E3DDBC8-E035-452F-9984-06E02E173E73}.DebugWilly|iOS.ActiveCfg = DebugWilly|Any CPU
		{4E3DDBC8-E035-452F-9984-06E02E173E73}.DebugWilly|iOS.Build.0 = DebugWilly|Any CPU
		{4E3DDBC8-E035-452F-9984-06E02E173E73}.DebugWilly|Mixed Platforms.ActiveCfg = Debug|Any CPU
		{4E3DDBC8-E035-452F-9984-06E02E173E73}.DebugWilly|Mixed Platforms.Build.0 = Debug|Any CPU
		{4E3DDBC8-E035-452F-9984-06E02E173E73}.DebugWilly|Windows-ARM.ActiveCfg = DebugWilly|Any CPU
		{4E3DDBC8-E035-452F-9984-06E02E173E73}.DebugWilly|Windows-ARM.Build.0 = DebugWilly|Any CPU
		{4E3DDBC8-E035-452F-9984-06E02E173E73}.DebugWilly|Windows-x64.ActiveCfg = DebugWilly|Any CPU
		{4E3DDBC8-E035-452F-9984-06E02E173E73}.DebugWilly|Windows-x64.Build.0 = DebugWilly|Any CPU
		{4E3DDBC8-E035-452F-9984-06E02E173E73}.DebugWilly|Windows-x86.ActiveCfg = DebugWilly|Any CPU
		{4E3DDBC8-E035-452F-9984-06E02E173E73}.DebugWilly|Windows-x86.Build.0 = DebugWilly|Any CPU
		{4E3DDBC8-E035-452F-9984-06E02E173E73}.DebugWilly|x86.ActiveCfg = DebugWilly|Any CPU
		{4E3DDBC8-E035-452F-9984-06E02E173E73}.Development|Android.ActiveCfg = DebugServer3|Any CPU
		{4E3DDBC8-E035-452F-9984-06E02E173E73}.Development|Android.Build.0 = DebugServer3|Any CPU
		{4E3DDBC8-E035-452F-9984-06E02E173E73}.Development|Any CPU.ActiveCfg = Debug|Any CPU
		{4E3DDBC8-E035-452F-9984-06E02E173E73}.Development|iOS.ActiveCfg = DebugServer3|Any CPU
		{4E3DDBC8-E035-452F-9984-06E02E173E73}.Development|iOS.Build.0 = DebugServer3|Any CPU
		{4E3DDBC8-E035-452F-9984-06E02E173E73}.Development|Mixed Platforms.ActiveCfg = Debug|Any CPU
		{4E3DDBC8-E035-452F-9984-06E02E173E73}.Development|Windows-ARM.ActiveCfg = DebugServer3|Any CPU
		{4E3DDBC8-E035-452F-9984-06E02E173E73}.Development|Windows-ARM.Build.0 = DebugServer3|Any CPU
		{4E3DDBC8-E035-452F-9984-06E02E173E73}.Development|Windows-x64.ActiveCfg = DebugServer3|Any CPU
		{4E3DDBC8-E035-452F-9984-06E02E173E73}.Development|Windows-x64.Build.0 = DebugServer3|Any CPU
		{4E3DDBC8-E035-452F-9984-06E02E173E73}.Development|Windows-x86.ActiveCfg = DebugServer3|Any CPU
		{4E3DDBC8-E035-452F-9984-06E02E173E73}.Development|Windows-x86.Build.0 = DebugServer3|Any CPU
		{4E3DDBC8-E035-452F-9984-06E02E173E73}.Development|x86.ActiveCfg = Debug|Any CPU
		{4E3DDBC8-E035-452F-9984-06E02E173E73}.Release|Android.ActiveCfg = Release|Any CPU
		{4E3DDBC8-E035-452F-9984-06E02E173E73}.Release|Android.Build.0 = Release|Any CPU
		{4E3DDBC8-E035-452F-9984-06E02E173E73}.Release|Any CPU.ActiveCfg = Release|Any CPU
		{4E3DDBC8-E035-452F-9984-06E02E173E73}.Release|Any CPU.Build.0 = Release|Any CPU
		{4E3DDBC8-E035-452F-9984-06E02E173E73}.Release|iOS.ActiveCfg = Release|Any CPU
		{4E3DDBC8-E035-452F-9984-06E02E173E73}.Release|iOS.Build.0 = Release|Any CPU
		{4E3DDBC8-E035-452F-9984-06E02E173E73}.Release|Mixed Platforms.ActiveCfg = Release|Any CPU
		{4E3DDBC8-E035-452F-9984-06E02E173E73}.Release|Windows-ARM.ActiveCfg = Release|Any CPU
		{4E3DDBC8-E035-452F-9984-06E02E173E73}.Release|Windows-ARM.Build.0 = Release|Any CPU
		{4E3DDBC8-E035-452F-9984-06E02E173E73}.Release|Windows-x64.ActiveCfg = Release|Any CPU
		{4E3DDBC8-E035-452F-9984-06E02E173E73}.Release|Windows-x64.Build.0 = Release|Any CPU
		{4E3DDBC8-E035-452F-9984-06E02E173E73}.Release|Windows-x86.ActiveCfg = Release|Any CPU
		{4E3DDBC8-E035-452F-9984-06E02E173E73}.Release|Windows-x86.Build.0 = Release|Any CPU
		{4E3DDBC8-E035-452F-9984-06E02E173E73}.Release|x86.ActiveCfg = Release|x86
		{4E3DDBC8-E035-452F-9984-06E02E173E73}.Release|x86.Build.0 = Release|x86
		{2F9B9020-304C-44A6-BCC4-9E434C687D31}.Debug|Android.ActiveCfg = Debug|Any CPU
		{2F9B9020-304C-44A6-BCC4-9E434C687D31}.Debug|Android.Build.0 = Debug|Any CPU
		{2F9B9020-304C-44A6-BCC4-9E434C687D31}.Debug|Any CPU.ActiveCfg = Debug|Any CPU
		{2F9B9020-304C-44A6-BCC4-9E434C687D31}.Debug|Any CPU.Build.0 = Debug|Any CPU
		{2F9B9020-304C-44A6-BCC4-9E434C687D31}.Debug|iOS.ActiveCfg = Debug|Any CPU
		{2F9B9020-304C-44A6-BCC4-9E434C687D31}.Debug|iOS.Build.0 = Debug|Any CPU
		{2F9B9020-304C-44A6-BCC4-9E434C687D31}.Debug|Mixed Platforms.ActiveCfg = Debug|x86
		{2F9B9020-304C-44A6-BCC4-9E434C687D31}.Debug|Mixed Platforms.Build.0 = Debug|x86
		{2F9B9020-304C-44A6-BCC4-9E434C687D31}.Debug|Windows-ARM.ActiveCfg = Debug|Any CPU
		{2F9B9020-304C-44A6-BCC4-9E434C687D31}.Debug|Windows-ARM.Build.0 = Debug|Any CPU
		{2F9B9020-304C-44A6-BCC4-9E434C687D31}.Debug|Windows-x64.ActiveCfg = Debug|Any CPU
		{2F9B9020-304C-44A6-BCC4-9E434C687D31}.Debug|Windows-x64.Build.0 = Debug|Any CPU
		{2F9B9020-304C-44A6-BCC4-9E434C687D31}.Debug|Windows-x86.ActiveCfg = Debug|Any CPU
		{2F9B9020-304C-44A6-BCC4-9E434C687D31}.Debug|Windows-x86.Build.0 = Debug|Any CPU
		{2F9B9020-304C-44A6-BCC4-9E434C687D31}.Debug|x86.ActiveCfg = Debug|x86
		{2F9B9020-304C-44A6-BCC4-9E434C687D31}.Debug|x86.Build.0 = Debug|x86
		{2F9B9020-304C-44A6-BCC4-9E434C687D31}.DebugLocal|Android.ActiveCfg = DebugServer3|Any CPU
		{2F9B9020-304C-44A6-BCC4-9E434C687D31}.DebugLocal|Android.Build.0 = DebugServer3|Any CPU
		{2F9B9020-304C-44A6-BCC4-9E434C687D31}.DebugLocal|Any CPU.ActiveCfg = Debug|Any CPU
		{2F9B9020-304C-44A6-BCC4-9E434C687D31}.DebugLocal|Any CPU.Build.0 = Debug|Any CPU
		{2F9B9020-304C-44A6-BCC4-9E434C687D31}.DebugLocal|iOS.ActiveCfg = DebugServer3|Any CPU
		{2F9B9020-304C-44A6-BCC4-9E434C687D31}.DebugLocal|iOS.Build.0 = DebugServer3|Any CPU
		{2F9B9020-304C-44A6-BCC4-9E434C687D31}.DebugLocal|Mixed Platforms.ActiveCfg = Debug|x86
		{2F9B9020-304C-44A6-BCC4-9E434C687D31}.DebugLocal|Mixed Platforms.Build.0 = Debug|x86
		{2F9B9020-304C-44A6-BCC4-9E434C687D31}.DebugLocal|Windows-ARM.ActiveCfg = DebugServer3|Any CPU
		{2F9B9020-304C-44A6-BCC4-9E434C687D31}.DebugLocal|Windows-ARM.Build.0 = DebugServer3|Any CPU
		{2F9B9020-304C-44A6-BCC4-9E434C687D31}.DebugLocal|Windows-x64.ActiveCfg = DebugServer3|Any CPU
		{2F9B9020-304C-44A6-BCC4-9E434C687D31}.DebugLocal|Windows-x64.Build.0 = DebugServer3|Any CPU
		{2F9B9020-304C-44A6-BCC4-9E434C687D31}.DebugLocal|Windows-x86.ActiveCfg = DebugServer3|Any CPU
		{2F9B9020-304C-44A6-BCC4-9E434C687D31}.DebugLocal|Windows-x86.Build.0 = DebugServer3|Any CPU
		{2F9B9020-304C-44A6-BCC4-9E434C687D31}.DebugLocal|x86.ActiveCfg = Debug|x86
		{2F9B9020-304C-44A6-BCC4-9E434C687D31}.DebugLocal|x86.Build.0 = Debug|x86
		{2F9B9020-304C-44A6-BCC4-9E434C687D31}.DebugWilly|Android.ActiveCfg = DebugWilly|Any CPU
		{2F9B9020-304C-44A6-BCC4-9E434C687D31}.DebugWilly|Android.Build.0 = DebugWilly|Any CPU
		{2F9B9020-304C-44A6-BCC4-9E434C687D31}.DebugWilly|Any CPU.ActiveCfg = Debug|Any CPU
		{2F9B9020-304C-44A6-BCC4-9E434C687D31}.DebugWilly|Any CPU.Build.0 = Debug|Any CPU
		{2F9B9020-304C-44A6-BCC4-9E434C687D31}.DebugWilly|iOS.ActiveCfg = DebugWilly|Any CPU
		{2F9B9020-304C-44A6-BCC4-9E434C687D31}.DebugWilly|iOS.Build.0 = DebugWilly|Any CPU
		{2F9B9020-304C-44A6-BCC4-9E434C687D31}.DebugWilly|Mixed Platforms.ActiveCfg = Debug|x86
		{2F9B9020-304C-44A6-BCC4-9E434C687D31}.DebugWilly|Mixed Platforms.Build.0 = Debug|x86
		{2F9B9020-304C-44A6-BCC4-9E434C687D31}.DebugWilly|Windows-ARM.ActiveCfg = DebugWilly|Any CPU
		{2F9B9020-304C-44A6-BCC4-9E434C687D31}.DebugWilly|Windows-ARM.Build.0 = DebugWilly|Any CPU
		{2F9B9020-304C-44A6-BCC4-9E434C687D31}.DebugWilly|Windows-x64.ActiveCfg = DebugWilly|Any CPU
		{2F9B9020-304C-44A6-BCC4-9E434C687D31}.DebugWilly|Windows-x64.Build.0 = DebugWilly|Any CPU
		{2F9B9020-304C-44A6-BCC4-9E434C687D31}.DebugWilly|Windows-x86.ActiveCfg = DebugWilly|Any CPU
		{2F9B9020-304C-44A6-BCC4-9E434C687D31}.DebugWilly|Windows-x86.Build.0 = DebugWilly|Any CPU
		{2F9B9020-304C-44A6-BCC4-9E434C687D31}.DebugWilly|x86.ActiveCfg = DebugWilly|x86
		{2F9B9020-304C-44A6-BCC4-9E434C687D31}.DebugWilly|x86.Build.0 = DebugWilly|x86
		{2F9B9020-304C-44A6-BCC4-9E434C687D31}.Development|Android.ActiveCfg = DebugServer3|Any CPU
		{2F9B9020-304C-44A6-BCC4-9E434C687D31}.Development|Android.Build.0 = DebugServer3|Any CPU
		{2F9B9020-304C-44A6-BCC4-9E434C687D31}.Development|Any CPU.ActiveCfg = Debug|Any CPU
		{2F9B9020-304C-44A6-BCC4-9E434C687D31}.Development|Any CPU.Build.0 = Debug|Any CPU
		{2F9B9020-304C-44A6-BCC4-9E434C687D31}.Development|iOS.ActiveCfg = DebugServer3|Any CPU
		{2F9B9020-304C-44A6-BCC4-9E434C687D31}.Development|iOS.Build.0 = DebugServer3|Any CPU
		{2F9B9020-304C-44A6-BCC4-9E434C687D31}.Development|Mixed Platforms.ActiveCfg = Debug|x86
		{2F9B9020-304C-44A6-BCC4-9E434C687D31}.Development|Mixed Platforms.Build.0 = Debug|x86
		{2F9B9020-304C-44A6-BCC4-9E434C687D31}.Development|Windows-ARM.ActiveCfg = DebugServer3|Any CPU
		{2F9B9020-304C-44A6-BCC4-9E434C687D31}.Development|Windows-ARM.Build.0 = DebugServer3|Any CPU
		{2F9B9020-304C-44A6-BCC4-9E434C687D31}.Development|Windows-x64.ActiveCfg = DebugServer3|Any CPU
		{2F9B9020-304C-44A6-BCC4-9E434C687D31}.Development|Windows-x64.Build.0 = DebugServer3|Any CPU
		{2F9B9020-304C-44A6-BCC4-9E434C687D31}.Development|Windows-x86.ActiveCfg = DebugServer3|Any CPU
		{2F9B9020-304C-44A6-BCC4-9E434C687D31}.Development|Windows-x86.Build.0 = DebugServer3|Any CPU
		{2F9B9020-304C-44A6-BCC4-9E434C687D31}.Development|x86.ActiveCfg = Debug|x86
		{2F9B9020-304C-44A6-BCC4-9E434C687D31}.Development|x86.Build.0 = Debug|x86
		{2F9B9020-304C-44A6-BCC4-9E434C687D31}.Release|Android.ActiveCfg = Release|Any CPU
		{2F9B9020-304C-44A6-BCC4-9E434C687D31}.Release|Android.Build.0 = Release|Any CPU
		{2F9B9020-304C-44A6-BCC4-9E434C687D31}.Release|Any CPU.ActiveCfg = Release|Any CPU
		{2F9B9020-304C-44A6-BCC4-9E434C687D31}.Release|Any CPU.Build.0 = Release|Any CPU
		{2F9B9020-304C-44A6-BCC4-9E434C687D31}.Release|iOS.ActiveCfg = Release|Any CPU
		{2F9B9020-304C-44A6-BCC4-9E434C687D31}.Release|iOS.Build.0 = Release|Any CPU
		{2F9B9020-304C-44A6-BCC4-9E434C687D31}.Release|Mixed Platforms.ActiveCfg = Release|x86
		{2F9B9020-304C-44A6-BCC4-9E434C687D31}.Release|Mixed Platforms.Build.0 = Release|x86
		{2F9B9020-304C-44A6-BCC4-9E434C687D31}.Release|Windows-ARM.ActiveCfg = Release|Any CPU
		{2F9B9020-304C-44A6-BCC4-9E434C687D31}.Release|Windows-ARM.Build.0 = Release|Any CPU
		{2F9B9020-304C-44A6-BCC4-9E434C687D31}.Release|Windows-x64.ActiveCfg = Release|Any CPU
		{2F9B9020-304C-44A6-BCC4-9E434C687D31}.Release|Windows-x64.Build.0 = Release|Any CPU
		{2F9B9020-304C-44A6-BCC4-9E434C687D31}.Release|Windows-x86.ActiveCfg = Release|Any CPU
		{2F9B9020-304C-44A6-BCC4-9E434C687D31}.Release|Windows-x86.Build.0 = Release|Any CPU
		{2F9B9020-304C-44A6-BCC4-9E434C687D31}.Release|x86.ActiveCfg = Release|x86
		{2F9B9020-304C-44A6-BCC4-9E434C687D31}.Release|x86.Build.0 = Release|x86
		{CCA1E32E-7C60-4312-B521-11A6E4CCFCA2}.Debug|Android.ActiveCfg = Debug|Any CPU
		{CCA1E32E-7C60-4312-B521-11A6E4CCFCA2}.Debug|Android.Build.0 = Debug|Any CPU
		{CCA1E32E-7C60-4312-B521-11A6E4CCFCA2}.Debug|Any CPU.ActiveCfg = Debug|Any CPU
		{CCA1E32E-7C60-4312-B521-11A6E4CCFCA2}.Debug|Any CPU.Build.0 = Debug|Any CPU
		{CCA1E32E-7C60-4312-B521-11A6E4CCFCA2}.Debug|iOS.ActiveCfg = Debug|Any CPU
		{CCA1E32E-7C60-4312-B521-11A6E4CCFCA2}.Debug|iOS.Build.0 = Debug|Any CPU
		{CCA1E32E-7C60-4312-B521-11A6E4CCFCA2}.Debug|Mixed Platforms.ActiveCfg = Debug|Any CPU
		{CCA1E32E-7C60-4312-B521-11A6E4CCFCA2}.Debug|Mixed Platforms.Build.0 = Debug|Any CPU
		{CCA1E32E-7C60-4312-B521-11A6E4CCFCA2}.Debug|Windows-ARM.ActiveCfg = Debug|Any CPU
		{CCA1E32E-7C60-4312-B521-11A6E4CCFCA2}.Debug|Windows-ARM.Build.0 = Debug|Any CPU
		{CCA1E32E-7C60-4312-B521-11A6E4CCFCA2}.Debug|Windows-x64.ActiveCfg = Debug|Any CPU
		{CCA1E32E-7C60-4312-B521-11A6E4CCFCA2}.Debug|Windows-x64.Build.0 = Debug|Any CPU
		{CCA1E32E-7C60-4312-B521-11A6E4CCFCA2}.Debug|Windows-x86.ActiveCfg = Debug|Any CPU
		{CCA1E32E-7C60-4312-B521-11A6E4CCFCA2}.Debug|Windows-x86.Build.0 = Debug|Any CPU
		{CCA1E32E-7C60-4312-B521-11A6E4CCFCA2}.Debug|x86.ActiveCfg = Debug|x86
		{CCA1E32E-7C60-4312-B521-11A6E4CCFCA2}.Debug|x86.Build.0 = Debug|x86
		{CCA1E32E-7C60-4312-B521-11A6E4CCFCA2}.DebugLocal|Android.ActiveCfg = DebugServer3|Any CPU
		{CCA1E32E-7C60-4312-B521-11A6E4CCFCA2}.DebugLocal|Android.Build.0 = DebugServer3|Any CPU
		{CCA1E32E-7C60-4312-B521-11A6E4CCFCA2}.DebugLocal|Any CPU.ActiveCfg = Debug|Any CPU
		{CCA1E32E-7C60-4312-B521-11A6E4CCFCA2}.DebugLocal|Any CPU.Build.0 = Debug|Any CPU
		{CCA1E32E-7C60-4312-B521-11A6E4CCFCA2}.DebugLocal|iOS.ActiveCfg = DebugServer3|Any CPU
		{CCA1E32E-7C60-4312-B521-11A6E4CCFCA2}.DebugLocal|iOS.Build.0 = DebugServer3|Any CPU
		{CCA1E32E-7C60-4312-B521-11A6E4CCFCA2}.DebugLocal|Mixed Platforms.ActiveCfg = Debug|Any CPU
		{CCA1E32E-7C60-4312-B521-11A6E4CCFCA2}.DebugLocal|Mixed Platforms.Build.0 = Debug|Any CPU
		{CCA1E32E-7C60-4312-B521-11A6E4CCFCA2}.DebugLocal|Windows-ARM.ActiveCfg = DebugServer3|Any CPU
		{CCA1E32E-7C60-4312-B521-11A6E4CCFCA2}.DebugLocal|Windows-ARM.Build.0 = DebugServer3|Any CPU
		{CCA1E32E-7C60-4312-B521-11A6E4CCFCA2}.DebugLocal|Windows-x64.ActiveCfg = DebugServer3|Any CPU
		{CCA1E32E-7C60-4312-B521-11A6E4CCFCA2}.DebugLocal|Windows-x64.Build.0 = DebugServer3|Any CPU
		{CCA1E32E-7C60-4312-B521-11A6E4CCFCA2}.DebugLocal|Windows-x86.ActiveCfg = DebugServer3|Any CPU
		{CCA1E32E-7C60-4312-B521-11A6E4CCFCA2}.DebugLocal|Windows-x86.Build.0 = DebugServer3|Any CPU
		{CCA1E32E-7C60-4312-B521-11A6E4CCFCA2}.DebugLocal|x86.ActiveCfg = Debug|Any CPU
		{CCA1E32E-7C60-4312-B521-11A6E4CCFCA2}.DebugWilly|Android.ActiveCfg = DebugWilly|Any CPU
		{CCA1E32E-7C60-4312-B521-11A6E4CCFCA2}.DebugWilly|Android.Build.0 = DebugWilly|Any CPU
		{CCA1E32E-7C60-4312-B521-11A6E4CCFCA2}.DebugWilly|Any CPU.ActiveCfg = Debug|Any CPU
		{CCA1E32E-7C60-4312-B521-11A6E4CCFCA2}.DebugWilly|Any CPU.Build.0 = Debug|Any CPU
		{CCA1E32E-7C60-4312-B521-11A6E4CCFCA2}.DebugWilly|iOS.ActiveCfg = DebugWilly|Any CPU
		{CCA1E32E-7C60-4312-B521-11A6E4CCFCA2}.DebugWilly|iOS.Build.0 = DebugWilly|Any CPU
		{CCA1E32E-7C60-4312-B521-11A6E4CCFCA2}.DebugWilly|Mixed Platforms.ActiveCfg = Debug|Any CPU
		{CCA1E32E-7C60-4312-B521-11A6E4CCFCA2}.DebugWilly|Mixed Platforms.Build.0 = Debug|Any CPU
		{CCA1E32E-7C60-4312-B521-11A6E4CCFCA2}.DebugWilly|Windows-ARM.ActiveCfg = DebugWilly|Any CPU
		{CCA1E32E-7C60-4312-B521-11A6E4CCFCA2}.DebugWilly|Windows-ARM.Build.0 = DebugWilly|Any CPU
		{CCA1E32E-7C60-4312-B521-11A6E4CCFCA2}.DebugWilly|Windows-x64.ActiveCfg = DebugWilly|Any CPU
		{CCA1E32E-7C60-4312-B521-11A6E4CCFCA2}.DebugWilly|Windows-x64.Build.0 = DebugWilly|Any CPU
		{CCA1E32E-7C60-4312-B521-11A6E4CCFCA2}.DebugWilly|Windows-x86.ActiveCfg = DebugWilly|Any CPU
		{CCA1E32E-7C60-4312-B521-11A6E4CCFCA2}.DebugWilly|Windows-x86.Build.0 = DebugWilly|Any CPU
		{CCA1E32E-7C60-4312-B521-11A6E4CCFCA2}.DebugWilly|x86.ActiveCfg = DebugWilly|Any CPU
		{CCA1E32E-7C60-4312-B521-11A6E4CCFCA2}.Development|Android.ActiveCfg = DebugServer3|Any CPU
		{CCA1E32E-7C60-4312-B521-11A6E4CCFCA2}.Development|Android.Build.0 = DebugServer3|Any CPU
		{CCA1E32E-7C60-4312-B521-11A6E4CCFCA2}.Development|Any CPU.ActiveCfg = Debug|Any CPU
		{CCA1E32E-7C60-4312-B521-11A6E4CCFCA2}.Development|Any CPU.Build.0 = Debug|Any CPU
		{CCA1E32E-7C60-4312-B521-11A6E4CCFCA2}.Development|iOS.ActiveCfg = DebugServer3|Any CPU
		{CCA1E32E-7C60-4312-B521-11A6E4CCFCA2}.Development|iOS.Build.0 = DebugServer3|Any CPU
		{CCA1E32E-7C60-4312-B521-11A6E4CCFCA2}.Development|Mixed Platforms.ActiveCfg = Debug|Any CPU
		{CCA1E32E-7C60-4312-B521-11A6E4CCFCA2}.Development|Mixed Platforms.Build.0 = Debug|Any CPU
		{CCA1E32E-7C60-4312-B521-11A6E4CCFCA2}.Development|Windows-ARM.ActiveCfg = DebugServer3|Any CPU
		{CCA1E32E-7C60-4312-B521-11A6E4CCFCA2}.Development|Windows-ARM.Build.0 = DebugServer3|Any CPU
		{CCA1E32E-7C60-4312-B521-11A6E4CCFCA2}.Development|Windows-x64.ActiveCfg = DebugServer3|Any CPU
		{CCA1E32E-7C60-4312-B521-11A6E4CCFCA2}.Development|Windows-x64.Build.0 = DebugServer3|Any CPU
		{CCA1E32E-7C60-4312-B521-11A6E4CCFCA2}.Development|Windows-x86.ActiveCfg = DebugServer3|Any CPU
		{CCA1E32E-7C60-4312-B521-11A6E4CCFCA2}.Development|Windows-x86.Build.0 = DebugServer3|Any CPU
		{CCA1E32E-7C60-4312-B521-11A6E4CCFCA2}.Development|x86.ActiveCfg = Debug|Any CPU
		{CCA1E32E-7C60-4312-B521-11A6E4CCFCA2}.Release|Android.ActiveCfg = Release|Any CPU
		{CCA1E32E-7C60-4312-B521-11A6E4CCFCA2}.Release|Android.Build.0 = Release|Any CPU
		{CCA1E32E-7C60-4312-B521-11A6E4CCFCA2}.Release|Any CPU.ActiveCfg = Release|Any CPU
		{CCA1E32E-7C60-4312-B521-11A6E4CCFCA2}.Release|Any CPU.Build.0 = Release|Any CPU
		{CCA1E32E-7C60-4312-B521-11A6E4CCFCA2}.Release|iOS.ActiveCfg = Release|Any CPU
		{CCA1E32E-7C60-4312-B521-11A6E4CCFCA2}.Release|iOS.Build.0 = Release|Any CPU
		{CCA1E32E-7C60-4312-B521-11A6E4CCFCA2}.Release|Mixed Platforms.ActiveCfg = Release|Any CPU
		{CCA1E32E-7C60-4312-B521-11A6E4CCFCA2}.Release|Mixed Platforms.Build.0 = Release|Any CPU
		{CCA1E32E-7C60-4312-B521-11A6E4CCFCA2}.Release|Windows-ARM.ActiveCfg = Release|Any CPU
		{CCA1E32E-7C60-4312-B521-11A6E4CCFCA2}.Release|Windows-ARM.Build.0 = Release|Any CPU
		{CCA1E32E-7C60-4312-B521-11A6E4CCFCA2}.Release|Windows-x64.ActiveCfg = Release|Any CPU
		{CCA1E32E-7C60-4312-B521-11A6E4CCFCA2}.Release|Windows-x64.Build.0 = Release|Any CPU
		{CCA1E32E-7C60-4312-B521-11A6E4CCFCA2}.Release|Windows-x86.ActiveCfg = Release|Any CPU
		{CCA1E32E-7C60-4312-B521-11A6E4CCFCA2}.Release|Windows-x86.Build.0 = Release|Any CPU
		{CCA1E32E-7C60-4312-B521-11A6E4CCFCA2}.Release|x86.ActiveCfg = Release|Any CPU
		{CCA1E32E-7C60-4312-B521-11A6E4CCFCA2}.Release|x86.Build.0 = Release|Any CPU
		{7D5126A2-B2CA-441C-8D73-2AD8F3EF7FDB}.Debug|Android.ActiveCfg = Debug|Any CPU
		{7D5126A2-B2CA-441C-8D73-2AD8F3EF7FDB}.Debug|Android.Build.0 = Debug|Any CPU
		{7D5126A2-B2CA-441C-8D73-2AD8F3EF7FDB}.Debug|Any CPU.ActiveCfg = Debug|Any CPU
		{7D5126A2-B2CA-441C-8D73-2AD8F3EF7FDB}.Debug|Any CPU.Build.0 = Debug|Any CPU
		{7D5126A2-B2CA-441C-8D73-2AD8F3EF7FDB}.Debug|iOS.ActiveCfg = Debug|Any CPU
		{7D5126A2-B2CA-441C-8D73-2AD8F3EF7FDB}.Debug|iOS.Build.0 = Debug|Any CPU
		{7D5126A2-B2CA-441C-8D73-2AD8F3EF7FDB}.Debug|Mixed Platforms.ActiveCfg = Debug|Any CPU
		{7D5126A2-B2CA-441C-8D73-2AD8F3EF7FDB}.Debug|Mixed Platforms.Build.0 = Debug|Any CPU
		{7D5126A2-B2CA-441C-8D73-2AD8F3EF7FDB}.Debug|Windows-ARM.ActiveCfg = Debug|Any CPU
		{7D5126A2-B2CA-441C-8D73-2AD8F3EF7FDB}.Debug|Windows-ARM.Build.0 = Debug|Any CPU
		{7D5126A2-B2CA-441C-8D73-2AD8F3EF7FDB}.Debug|Windows-x64.ActiveCfg = Debug|Any CPU
		{7D5126A2-B2CA-441C-8D73-2AD8F3EF7FDB}.Debug|Windows-x64.Build.0 = Debug|Any CPU
		{7D5126A2-B2CA-441C-8D73-2AD8F3EF7FDB}.Debug|Windows-x86.ActiveCfg = Debug|Any CPU
		{7D5126A2-B2CA-441C-8D73-2AD8F3EF7FDB}.Debug|Windows-x86.Build.0 = Debug|Any CPU
		{7D5126A2-B2CA-441C-8D73-2AD8F3EF7FDB}.Debug|x86.ActiveCfg = Debug|x86
<<<<<<< HEAD
=======
		{7D5126A2-B2CA-441C-8D73-2AD8F3EF7FDB}.Debug|x86.Build.0 = Debug|x86
>>>>>>> c2a016a20f2b2db61dc723bbf6302372477e5fb9
		{7D5126A2-B2CA-441C-8D73-2AD8F3EF7FDB}.DebugLocal|Android.ActiveCfg = DebugServer3|Any CPU
		{7D5126A2-B2CA-441C-8D73-2AD8F3EF7FDB}.DebugLocal|Android.Build.0 = DebugServer3|Any CPU
		{7D5126A2-B2CA-441C-8D73-2AD8F3EF7FDB}.DebugLocal|Any CPU.ActiveCfg = Debug|Any CPU
		{7D5126A2-B2CA-441C-8D73-2AD8F3EF7FDB}.DebugLocal|Any CPU.Build.0 = Debug|Any CPU
		{7D5126A2-B2CA-441C-8D73-2AD8F3EF7FDB}.DebugLocal|iOS.ActiveCfg = DebugServer3|Any CPU
		{7D5126A2-B2CA-441C-8D73-2AD8F3EF7FDB}.DebugLocal|iOS.Build.0 = DebugServer3|Any CPU
		{7D5126A2-B2CA-441C-8D73-2AD8F3EF7FDB}.DebugLocal|Mixed Platforms.ActiveCfg = Debug|Any CPU
		{7D5126A2-B2CA-441C-8D73-2AD8F3EF7FDB}.DebugLocal|Mixed Platforms.Build.0 = Debug|Any CPU
		{7D5126A2-B2CA-441C-8D73-2AD8F3EF7FDB}.DebugLocal|Windows-ARM.ActiveCfg = DebugServer3|Any CPU
		{7D5126A2-B2CA-441C-8D73-2AD8F3EF7FDB}.DebugLocal|Windows-ARM.Build.0 = DebugServer3|Any CPU
		{7D5126A2-B2CA-441C-8D73-2AD8F3EF7FDB}.DebugLocal|Windows-x64.ActiveCfg = DebugServer3|Any CPU
		{7D5126A2-B2CA-441C-8D73-2AD8F3EF7FDB}.DebugLocal|Windows-x64.Build.0 = DebugServer3|Any CPU
		{7D5126A2-B2CA-441C-8D73-2AD8F3EF7FDB}.DebugLocal|Windows-x86.ActiveCfg = DebugServer3|Any CPU
		{7D5126A2-B2CA-441C-8D73-2AD8F3EF7FDB}.DebugLocal|Windows-x86.Build.0 = DebugServer3|Any CPU
		{7D5126A2-B2CA-441C-8D73-2AD8F3EF7FDB}.DebugLocal|x86.ActiveCfg = Debug|Any CPU
		{7D5126A2-B2CA-441C-8D73-2AD8F3EF7FDB}.DebugWilly|Android.ActiveCfg = DebugWilly|Any CPU
		{7D5126A2-B2CA-441C-8D73-2AD8F3EF7FDB}.DebugWilly|Android.Build.0 = DebugWilly|Any CPU
		{7D5126A2-B2CA-441C-8D73-2AD8F3EF7FDB}.DebugWilly|Any CPU.ActiveCfg = Debug|Any CPU
		{7D5126A2-B2CA-441C-8D73-2AD8F3EF7FDB}.DebugWilly|Any CPU.Build.0 = Debug|Any CPU
		{7D5126A2-B2CA-441C-8D73-2AD8F3EF7FDB}.DebugWilly|iOS.ActiveCfg = DebugWilly|Any CPU
		{7D5126A2-B2CA-441C-8D73-2AD8F3EF7FDB}.DebugWilly|iOS.Build.0 = DebugWilly|Any CPU
		{7D5126A2-B2CA-441C-8D73-2AD8F3EF7FDB}.DebugWilly|Mixed Platforms.ActiveCfg = Debug|Any CPU
		{7D5126A2-B2CA-441C-8D73-2AD8F3EF7FDB}.DebugWilly|Mixed Platforms.Build.0 = Debug|Any CPU
		{7D5126A2-B2CA-441C-8D73-2AD8F3EF7FDB}.DebugWilly|Windows-ARM.ActiveCfg = DebugWilly|Any CPU
		{7D5126A2-B2CA-441C-8D73-2AD8F3EF7FDB}.DebugWilly|Windows-ARM.Build.0 = DebugWilly|Any CPU
		{7D5126A2-B2CA-441C-8D73-2AD8F3EF7FDB}.DebugWilly|Windows-x64.ActiveCfg = DebugWilly|Any CPU
		{7D5126A2-B2CA-441C-8D73-2AD8F3EF7FDB}.DebugWilly|Windows-x64.Build.0 = DebugWilly|Any CPU
		{7D5126A2-B2CA-441C-8D73-2AD8F3EF7FDB}.DebugWilly|Windows-x86.ActiveCfg = DebugWilly|Any CPU
		{7D5126A2-B2CA-441C-8D73-2AD8F3EF7FDB}.DebugWilly|Windows-x86.Build.0 = DebugWilly|Any CPU
		{7D5126A2-B2CA-441C-8D73-2AD8F3EF7FDB}.DebugWilly|x86.ActiveCfg = DebugWilly|Any CPU
		{7D5126A2-B2CA-441C-8D73-2AD8F3EF7FDB}.Development|Android.ActiveCfg = DebugServer3|Any CPU
		{7D5126A2-B2CA-441C-8D73-2AD8F3EF7FDB}.Development|Android.Build.0 = DebugServer3|Any CPU
		{7D5126A2-B2CA-441C-8D73-2AD8F3EF7FDB}.Development|Any CPU.ActiveCfg = Debug|Any CPU
		{7D5126A2-B2CA-441C-8D73-2AD8F3EF7FDB}.Development|Any CPU.Build.0 = Debug|Any CPU
		{7D5126A2-B2CA-441C-8D73-2AD8F3EF7FDB}.Development|iOS.ActiveCfg = DebugServer3|Any CPU
		{7D5126A2-B2CA-441C-8D73-2AD8F3EF7FDB}.Development|iOS.Build.0 = DebugServer3|Any CPU
		{7D5126A2-B2CA-441C-8D73-2AD8F3EF7FDB}.Development|Mixed Platforms.ActiveCfg = Debug|Any CPU
		{7D5126A2-B2CA-441C-8D73-2AD8F3EF7FDB}.Development|Mixed Platforms.Build.0 = Debug|Any CPU
		{7D5126A2-B2CA-441C-8D73-2AD8F3EF7FDB}.Development|Windows-ARM.ActiveCfg = DebugServer3|Any CPU
		{7D5126A2-B2CA-441C-8D73-2AD8F3EF7FDB}.Development|Windows-ARM.Build.0 = DebugServer3|Any CPU
		{7D5126A2-B2CA-441C-8D73-2AD8F3EF7FDB}.Development|Windows-x64.ActiveCfg = DebugServer3|Any CPU
		{7D5126A2-B2CA-441C-8D73-2AD8F3EF7FDB}.Development|Windows-x64.Build.0 = DebugServer3|Any CPU
		{7D5126A2-B2CA-441C-8D73-2AD8F3EF7FDB}.Development|Windows-x86.ActiveCfg = DebugServer3|Any CPU
		{7D5126A2-B2CA-441C-8D73-2AD8F3EF7FDB}.Development|Windows-x86.Build.0 = DebugServer3|Any CPU
		{7D5126A2-B2CA-441C-8D73-2AD8F3EF7FDB}.Development|x86.ActiveCfg = Debug|Any CPU
		{7D5126A2-B2CA-441C-8D73-2AD8F3EF7FDB}.Release|Android.ActiveCfg = Release|Any CPU
		{7D5126A2-B2CA-441C-8D73-2AD8F3EF7FDB}.Release|Android.Build.0 = Release|Any CPU
		{7D5126A2-B2CA-441C-8D73-2AD8F3EF7FDB}.Release|Any CPU.ActiveCfg = Release|Any CPU
		{7D5126A2-B2CA-441C-8D73-2AD8F3EF7FDB}.Release|Any CPU.Build.0 = Release|Any CPU
		{7D5126A2-B2CA-441C-8D73-2AD8F3EF7FDB}.Release|iOS.ActiveCfg = Release|Any CPU
		{7D5126A2-B2CA-441C-8D73-2AD8F3EF7FDB}.Release|iOS.Build.0 = Release|Any CPU
		{7D5126A2-B2CA-441C-8D73-2AD8F3EF7FDB}.Release|Mixed Platforms.ActiveCfg = Release|Any CPU
		{7D5126A2-B2CA-441C-8D73-2AD8F3EF7FDB}.Release|Mixed Platforms.Build.0 = Release|Any CPU
		{7D5126A2-B2CA-441C-8D73-2AD8F3EF7FDB}.Release|Windows-ARM.ActiveCfg = Release|Any CPU
		{7D5126A2-B2CA-441C-8D73-2AD8F3EF7FDB}.Release|Windows-ARM.Build.0 = Release|Any CPU
		{7D5126A2-B2CA-441C-8D73-2AD8F3EF7FDB}.Release|Windows-x64.ActiveCfg = Release|Any CPU
		{7D5126A2-B2CA-441C-8D73-2AD8F3EF7FDB}.Release|Windows-x64.Build.0 = Release|Any CPU
		{7D5126A2-B2CA-441C-8D73-2AD8F3EF7FDB}.Release|Windows-x86.ActiveCfg = Release|Any CPU
		{7D5126A2-B2CA-441C-8D73-2AD8F3EF7FDB}.Release|Windows-x86.Build.0 = Release|Any CPU
		{7D5126A2-B2CA-441C-8D73-2AD8F3EF7FDB}.Release|x86.ActiveCfg = Release|x86
		{7D5126A2-B2CA-441C-8D73-2AD8F3EF7FDB}.Release|x86.Build.0 = Release|x86
		{4E7AC3B5-C7E4-4A81-8539-ECE39D8794AC}.Debug|Android.ActiveCfg = Debug
		{4E7AC3B5-C7E4-4A81-8539-ECE39D8794AC}.Debug|Any CPU.ActiveCfg = Debug
		{4E7AC3B5-C7E4-4A81-8539-ECE39D8794AC}.Debug|iOS.ActiveCfg = Debug
		{4E7AC3B5-C7E4-4A81-8539-ECE39D8794AC}.Debug|Mixed Platforms.ActiveCfg = DebugLocal
		{4E7AC3B5-C7E4-4A81-8539-ECE39D8794AC}.Debug|Windows-ARM.ActiveCfg = Debug
		{4E7AC3B5-C7E4-4A81-8539-ECE39D8794AC}.Debug|Windows-x64.ActiveCfg = Debug
		{4E7AC3B5-C7E4-4A81-8539-ECE39D8794AC}.Debug|Windows-x86.ActiveCfg = Debug
		{4E7AC3B5-C7E4-4A81-8539-ECE39D8794AC}.Debug|x86.ActiveCfg = Debug
		{4E7AC3B5-C7E4-4A81-8539-ECE39D8794AC}.DebugLocal|Android.ActiveCfg = DebugLocal
		{4E7AC3B5-C7E4-4A81-8539-ECE39D8794AC}.DebugLocal|Any CPU.ActiveCfg = DebugLocal
		{4E7AC3B5-C7E4-4A81-8539-ECE39D8794AC}.DebugLocal|iOS.ActiveCfg = DebugLocal
		{4E7AC3B5-C7E4-4A81-8539-ECE39D8794AC}.DebugLocal|Mixed Platforms.ActiveCfg = DebugLocal
		{4E7AC3B5-C7E4-4A81-8539-ECE39D8794AC}.DebugLocal|Mixed Platforms.Build.0 = DebugLocal
		{4E7AC3B5-C7E4-4A81-8539-ECE39D8794AC}.DebugLocal|Mixed Platforms.Deploy.0 = DebugLocal
		{4E7AC3B5-C7E4-4A81-8539-ECE39D8794AC}.DebugLocal|Windows-ARM.ActiveCfg = DebugLocal
		{4E7AC3B5-C7E4-4A81-8539-ECE39D8794AC}.DebugLocal|Windows-x64.ActiveCfg = DebugLocal
		{4E7AC3B5-C7E4-4A81-8539-ECE39D8794AC}.DebugLocal|Windows-x86.ActiveCfg = DebugLocal
		{4E7AC3B5-C7E4-4A81-8539-ECE39D8794AC}.DebugLocal|x86.ActiveCfg = DebugLocal
		{4E7AC3B5-C7E4-4A81-8539-ECE39D8794AC}.DebugLocal|x86.Build.0 = DebugLocal
		{4E7AC3B5-C7E4-4A81-8539-ECE39D8794AC}.DebugLocal|x86.Deploy.0 = DebugLocal
		{4E7AC3B5-C7E4-4A81-8539-ECE39D8794AC}.DebugWilly|Android.ActiveCfg = DebugWilly
		{4E7AC3B5-C7E4-4A81-8539-ECE39D8794AC}.DebugWilly|Any CPU.ActiveCfg = DebugWilly
		{4E7AC3B5-C7E4-4A81-8539-ECE39D8794AC}.DebugWilly|iOS.ActiveCfg = DebugWilly
		{4E7AC3B5-C7E4-4A81-8539-ECE39D8794AC}.DebugWilly|Mixed Platforms.ActiveCfg = DebugServer3
		{4E7AC3B5-C7E4-4A81-8539-ECE39D8794AC}.DebugWilly|Windows-ARM.ActiveCfg = DebugWilly
		{4E7AC3B5-C7E4-4A81-8539-ECE39D8794AC}.DebugWilly|Windows-x64.ActiveCfg = DebugWilly
		{4E7AC3B5-C7E4-4A81-8539-ECE39D8794AC}.DebugWilly|Windows-x86.ActiveCfg = DebugWilly
		{4E7AC3B5-C7E4-4A81-8539-ECE39D8794AC}.DebugWilly|x86.ActiveCfg = DebugWilly
		{4E7AC3B5-C7E4-4A81-8539-ECE39D8794AC}.DebugWilly|x86.Build.0 = DebugWilly
		{4E7AC3B5-C7E4-4A81-8539-ECE39D8794AC}.DebugWilly|x86.Deploy.0 = DebugWilly
		{4E7AC3B5-C7E4-4A81-8539-ECE39D8794AC}.Development|Android.ActiveCfg = DebugServer3
		{4E7AC3B5-C7E4-4A81-8539-ECE39D8794AC}.Development|Any CPU.ActiveCfg = DebugWilly
		{4E7AC3B5-C7E4-4A81-8539-ECE39D8794AC}.Development|Any CPU.Build.0 = DebugWilly
		{4E7AC3B5-C7E4-4A81-8539-ECE39D8794AC}.Development|Any CPU.Deploy.0 = DebugWilly
		{4E7AC3B5-C7E4-4A81-8539-ECE39D8794AC}.Development|iOS.ActiveCfg = DebugServer3
		{4E7AC3B5-C7E4-4A81-8539-ECE39D8794AC}.Development|Mixed Platforms.ActiveCfg = DebugWilly
		{4E7AC3B5-C7E4-4A81-8539-ECE39D8794AC}.Development|Mixed Platforms.Build.0 = DebugWilly
		{4E7AC3B5-C7E4-4A81-8539-ECE39D8794AC}.Development|Mixed Platforms.Deploy.0 = DebugWilly
		{4E7AC3B5-C7E4-4A81-8539-ECE39D8794AC}.Development|Windows-ARM.ActiveCfg = DebugServer3
		{4E7AC3B5-C7E4-4A81-8539-ECE39D8794AC}.Development|Windows-x64.ActiveCfg = DebugServer3
		{4E7AC3B5-C7E4-4A81-8539-ECE39D8794AC}.Development|Windows-x86.ActiveCfg = DebugServer3
		{4E7AC3B5-C7E4-4A81-8539-ECE39D8794AC}.Development|x86.ActiveCfg = DebugWilly
		{4E7AC3B5-C7E4-4A81-8539-ECE39D8794AC}.Development|x86.Build.0 = DebugWilly
		{4E7AC3B5-C7E4-4A81-8539-ECE39D8794AC}.Development|x86.Deploy.0 = DebugWilly
		{4E7AC3B5-C7E4-4A81-8539-ECE39D8794AC}.Release|Android.ActiveCfg = Release
		{4E7AC3B5-C7E4-4A81-8539-ECE39D8794AC}.Release|Any CPU.ActiveCfg = Release
		{4E7AC3B5-C7E4-4A81-8539-ECE39D8794AC}.Release|Any CPU.Build.0 = Release
		{4E7AC3B5-C7E4-4A81-8539-ECE39D8794AC}.Release|Any CPU.Deploy.0 = Release
		{4E7AC3B5-C7E4-4A81-8539-ECE39D8794AC}.Release|iOS.ActiveCfg = Release
		{4E7AC3B5-C7E4-4A81-8539-ECE39D8794AC}.Release|Mixed Platforms.ActiveCfg = Release
		{4E7AC3B5-C7E4-4A81-8539-ECE39D8794AC}.Release|Mixed Platforms.Build.0 = Release
		{4E7AC3B5-C7E4-4A81-8539-ECE39D8794AC}.Release|Mixed Platforms.Deploy.0 = Release
		{4E7AC3B5-C7E4-4A81-8539-ECE39D8794AC}.Release|Windows-ARM.ActiveCfg = Release
		{4E7AC3B5-C7E4-4A81-8539-ECE39D8794AC}.Release|Windows-x64.ActiveCfg = Release
		{4E7AC3B5-C7E4-4A81-8539-ECE39D8794AC}.Release|Windows-x86.ActiveCfg = Release
		{4E7AC3B5-C7E4-4A81-8539-ECE39D8794AC}.Release|x86.ActiveCfg = Release
		{17487390-6297-4D1C-8B73-57B636F0C114}.Debug|Android.ActiveCfg = Debug|Any CPU
		{17487390-6297-4D1C-8B73-57B636F0C114}.Debug|Any CPU.ActiveCfg = Debug|Any CPU
		{17487390-6297-4D1C-8B73-57B636F0C114}.Debug|Any CPU.Build.0 = Debug|Any CPU
		{17487390-6297-4D1C-8B73-57B636F0C114}.Debug|iOS.ActiveCfg = Debug|Any CPU
		{17487390-6297-4D1C-8B73-57B636F0C114}.Debug|Mixed Platforms.ActiveCfg = Debug|Any CPU
		{17487390-6297-4D1C-8B73-57B636F0C114}.Debug|Mixed Platforms.Build.0 = Debug|Any CPU
		{17487390-6297-4D1C-8B73-57B636F0C114}.Debug|Windows-ARM.ActiveCfg = Debug|Any CPU
		{17487390-6297-4D1C-8B73-57B636F0C114}.Debug|Windows-x64.ActiveCfg = Debug|Any CPU
		{17487390-6297-4D1C-8B73-57B636F0C114}.Debug|Windows-x86.ActiveCfg = Debug|Any CPU
		{17487390-6297-4D1C-8B73-57B636F0C114}.Debug|x86.ActiveCfg = Debug|x86
		{17487390-6297-4D1C-8B73-57B636F0C114}.Debug|x86.Build.0 = Debug|x86
		{17487390-6297-4D1C-8B73-57B636F0C114}.DebugLocal|Android.ActiveCfg = DebugLocal|Any CPU
		{17487390-6297-4D1C-8B73-57B636F0C114}.DebugLocal|Any CPU.ActiveCfg = DebugLocal|Any CPU
		{17487390-6297-4D1C-8B73-57B636F0C114}.DebugLocal|Any CPU.Build.0 = DebugLocal|Any CPU
		{17487390-6297-4D1C-8B73-57B636F0C114}.DebugLocal|iOS.ActiveCfg = DebugLocal|Any CPU
		{17487390-6297-4D1C-8B73-57B636F0C114}.DebugLocal|Mixed Platforms.ActiveCfg = DebugLocal|Any CPU
		{17487390-6297-4D1C-8B73-57B636F0C114}.DebugLocal|Mixed Platforms.Build.0 = DebugLocal|Any CPU
		{17487390-6297-4D1C-8B73-57B636F0C114}.DebugLocal|Windows-ARM.ActiveCfg = DebugLocal|Any CPU
		{17487390-6297-4D1C-8B73-57B636F0C114}.DebugLocal|Windows-x64.ActiveCfg = DebugLocal|Any CPU
		{17487390-6297-4D1C-8B73-57B636F0C114}.DebugLocal|Windows-x86.ActiveCfg = DebugLocal|Any CPU
		{17487390-6297-4D1C-8B73-57B636F0C114}.DebugLocal|x86.ActiveCfg = DebugLocal|Any CPU
		{17487390-6297-4D1C-8B73-57B636F0C114}.DebugLocal|x86.Build.0 = DebugLocal|Any CPU
		{17487390-6297-4D1C-8B73-57B636F0C114}.DebugWilly|Android.ActiveCfg = DebugWilly|Any CPU
		{17487390-6297-4D1C-8B73-57B636F0C114}.DebugWilly|Any CPU.ActiveCfg = Debug|Any CPU
		{17487390-6297-4D1C-8B73-57B636F0C114}.DebugWilly|Any CPU.Build.0 = Debug|Any CPU
		{17487390-6297-4D1C-8B73-57B636F0C114}.DebugWilly|iOS.ActiveCfg = DebugWilly|Any CPU
		{17487390-6297-4D1C-8B73-57B636F0C114}.DebugWilly|Mixed Platforms.ActiveCfg = Debug|Any CPU
		{17487390-6297-4D1C-8B73-57B636F0C114}.DebugWilly|Windows-ARM.ActiveCfg = DebugWilly|Any CPU
		{17487390-6297-4D1C-8B73-57B636F0C114}.DebugWilly|Windows-x64.ActiveCfg = DebugWilly|Any CPU
		{17487390-6297-4D1C-8B73-57B636F0C114}.DebugWilly|Windows-x86.ActiveCfg = DebugWilly|Any CPU
		{17487390-6297-4D1C-8B73-57B636F0C114}.DebugWilly|x86.ActiveCfg = DebugWilly|Any CPU
		{17487390-6297-4D1C-8B73-57B636F0C114}.DebugWilly|x86.Build.0 = DebugWilly|Any CPU
		{17487390-6297-4D1C-8B73-57B636F0C114}.Development|Android.ActiveCfg = DebugWilly|Any CPU
		{17487390-6297-4D1C-8B73-57B636F0C114}.Development|Any CPU.ActiveCfg = DebugWilly|Any CPU
		{17487390-6297-4D1C-8B73-57B636F0C114}.Development|Any CPU.Build.0 = DebugWilly|Any CPU
		{17487390-6297-4D1C-8B73-57B636F0C114}.Development|iOS.ActiveCfg = DebugWilly|Any CPU
		{17487390-6297-4D1C-8B73-57B636F0C114}.Development|Mixed Platforms.ActiveCfg = DebugWilly|Any CPU
		{17487390-6297-4D1C-8B73-57B636F0C114}.Development|Mixed Platforms.Build.0 = DebugWilly|Any CPU
		{17487390-6297-4D1C-8B73-57B636F0C114}.Development|Windows-ARM.ActiveCfg = DebugWilly|Any CPU
		{17487390-6297-4D1C-8B73-57B636F0C114}.Development|Windows-x64.ActiveCfg = DebugWilly|Any CPU
		{17487390-6297-4D1C-8B73-57B636F0C114}.Development|Windows-x86.ActiveCfg = DebugWilly|Any CPU
		{17487390-6297-4D1C-8B73-57B636F0C114}.Development|x86.ActiveCfg = DebugWilly|Any CPU
		{17487390-6297-4D1C-8B73-57B636F0C114}.Development|x86.Build.0 = DebugWilly|Any CPU
		{17487390-6297-4D1C-8B73-57B636F0C114}.Release|Android.ActiveCfg = Release|Any CPU
		{17487390-6297-4D1C-8B73-57B636F0C114}.Release|Any CPU.ActiveCfg = Release|Any CPU
		{17487390-6297-4D1C-8B73-57B636F0C114}.Release|Any CPU.Build.0 = Release|Any CPU
		{17487390-6297-4D1C-8B73-57B636F0C114}.Release|iOS.ActiveCfg = Release|Any CPU
		{17487390-6297-4D1C-8B73-57B636F0C114}.Release|Mixed Platforms.ActiveCfg = Release|Any CPU
		{17487390-6297-4D1C-8B73-57B636F0C114}.Release|Mixed Platforms.Build.0 = Release|Any CPU
		{17487390-6297-4D1C-8B73-57B636F0C114}.Release|Windows-ARM.ActiveCfg = Release|Any CPU
		{17487390-6297-4D1C-8B73-57B636F0C114}.Release|Windows-x64.ActiveCfg = Release|Any CPU
		{17487390-6297-4D1C-8B73-57B636F0C114}.Release|Windows-x86.ActiveCfg = Release|Any CPU
		{17487390-6297-4D1C-8B73-57B636F0C114}.Release|x86.ActiveCfg = Release|Any CPU
		{17487390-6297-4D1C-8B73-57B636F0C114}.Release|x86.Build.0 = Release|Any CPU
		{00E21C39-77D5-4A7E-AB17-FBFFBF74FF1C}.Debug|Android.ActiveCfg = Debug|Any CPU
		{00E21C39-77D5-4A7E-AB17-FBFFBF74FF1C}.Debug|Android.Build.0 = Debug|Any CPU
		{00E21C39-77D5-4A7E-AB17-FBFFBF74FF1C}.Debug|Any CPU.ActiveCfg = Debug|Any CPU
		{00E21C39-77D5-4A7E-AB17-FBFFBF74FF1C}.Debug|Any CPU.Build.0 = Debug|Any CPU
		{00E21C39-77D5-4A7E-AB17-FBFFBF74FF1C}.Debug|iOS.ActiveCfg = Debug|Any CPU
		{00E21C39-77D5-4A7E-AB17-FBFFBF74FF1C}.Debug|iOS.Build.0 = Debug|Any CPU
		{00E21C39-77D5-4A7E-AB17-FBFFBF74FF1C}.Debug|Mixed Platforms.ActiveCfg = Debug|Any CPU
		{00E21C39-77D5-4A7E-AB17-FBFFBF74FF1C}.Debug|Windows-ARM.ActiveCfg = Debug|Any CPU
		{00E21C39-77D5-4A7E-AB17-FBFFBF74FF1C}.Debug|Windows-ARM.Build.0 = Debug|Any CPU
		{00E21C39-77D5-4A7E-AB17-FBFFBF74FF1C}.Debug|Windows-x64.ActiveCfg = Debug|Any CPU
		{00E21C39-77D5-4A7E-AB17-FBFFBF74FF1C}.Debug|Windows-x64.Build.0 = Debug|Any CPU
		{00E21C39-77D5-4A7E-AB17-FBFFBF74FF1C}.Debug|Windows-x86.ActiveCfg = Debug|Any CPU
		{00E21C39-77D5-4A7E-AB17-FBFFBF74FF1C}.Debug|Windows-x86.Build.0 = Debug|Any CPU
		{00E21C39-77D5-4A7E-AB17-FBFFBF74FF1C}.Debug|x86.ActiveCfg = Debug|Any CPU
		{00E21C39-77D5-4A7E-AB17-FBFFBF74FF1C}.DebugLocal|Android.ActiveCfg = Debug|Any CPU
		{00E21C39-77D5-4A7E-AB17-FBFFBF74FF1C}.DebugLocal|Android.Build.0 = Debug|Any CPU
		{00E21C39-77D5-4A7E-AB17-FBFFBF74FF1C}.DebugLocal|Any CPU.ActiveCfg = Debug|Any CPU
		{00E21C39-77D5-4A7E-AB17-FBFFBF74FF1C}.DebugLocal|Any CPU.Build.0 = Debug|Any CPU
		{00E21C39-77D5-4A7E-AB17-FBFFBF74FF1C}.DebugLocal|iOS.ActiveCfg = Debug|Any CPU
		{00E21C39-77D5-4A7E-AB17-FBFFBF74FF1C}.DebugLocal|iOS.Build.0 = Debug|Any CPU
		{00E21C39-77D5-4A7E-AB17-FBFFBF74FF1C}.DebugLocal|Mixed Platforms.ActiveCfg = Debug|Any CPU
		{00E21C39-77D5-4A7E-AB17-FBFFBF74FF1C}.DebugLocal|Mixed Platforms.Build.0 = Debug|Any CPU
		{00E21C39-77D5-4A7E-AB17-FBFFBF74FF1C}.DebugLocal|Windows-ARM.ActiveCfg = Debug|Any CPU
		{00E21C39-77D5-4A7E-AB17-FBFFBF74FF1C}.DebugLocal|Windows-ARM.Build.0 = Debug|Any CPU
		{00E21C39-77D5-4A7E-AB17-FBFFBF74FF1C}.DebugLocal|Windows-x64.ActiveCfg = Debug|Any CPU
		{00E21C39-77D5-4A7E-AB17-FBFFBF74FF1C}.DebugLocal|Windows-x64.Build.0 = Debug|Any CPU
		{00E21C39-77D5-4A7E-AB17-FBFFBF74FF1C}.DebugLocal|Windows-x86.ActiveCfg = Debug|Any CPU
		{00E21C39-77D5-4A7E-AB17-FBFFBF74FF1C}.DebugLocal|Windows-x86.Build.0 = Debug|Any CPU
		{00E21C39-77D5-4A7E-AB17-FBFFBF74FF1C}.DebugLocal|x86.ActiveCfg = Debug|Any CPU
		{00E21C39-77D5-4A7E-AB17-FBFFBF74FF1C}.DebugLocal|x86.Build.0 = Debug|Any CPU
		{00E21C39-77D5-4A7E-AB17-FBFFBF74FF1C}.DebugWilly|Android.ActiveCfg = Debug|Any CPU
		{00E21C39-77D5-4A7E-AB17-FBFFBF74FF1C}.DebugWilly|Android.Build.0 = Debug|Any CPU
		{00E21C39-77D5-4A7E-AB17-FBFFBF74FF1C}.DebugWilly|Any CPU.ActiveCfg = Debug|Any CPU
		{00E21C39-77D5-4A7E-AB17-FBFFBF74FF1C}.DebugWilly|Any CPU.Build.0 = Debug|Any CPU
		{00E21C39-77D5-4A7E-AB17-FBFFBF74FF1C}.DebugWilly|iOS.ActiveCfg = Debug|Any CPU
		{00E21C39-77D5-4A7E-AB17-FBFFBF74FF1C}.DebugWilly|iOS.Build.0 = Debug|Any CPU
		{00E21C39-77D5-4A7E-AB17-FBFFBF74FF1C}.DebugWilly|Mixed Platforms.ActiveCfg = Debug|Any CPU
		{00E21C39-77D5-4A7E-AB17-FBFFBF74FF1C}.DebugWilly|Mixed Platforms.Build.0 = Debug|Any CPU
		{00E21C39-77D5-4A7E-AB17-FBFFBF74FF1C}.DebugWilly|Windows-ARM.ActiveCfg = Debug|Any CPU
		{00E21C39-77D5-4A7E-AB17-FBFFBF74FF1C}.DebugWilly|Windows-ARM.Build.0 = Debug|Any CPU
		{00E21C39-77D5-4A7E-AB17-FBFFBF74FF1C}.DebugWilly|Windows-x64.ActiveCfg = Debug|Any CPU
		{00E21C39-77D5-4A7E-AB17-FBFFBF74FF1C}.DebugWilly|Windows-x64.Build.0 = Debug|Any CPU
		{00E21C39-77D5-4A7E-AB17-FBFFBF74FF1C}.DebugWilly|Windows-x86.ActiveCfg = Debug|Any CPU
		{00E21C39-77D5-4A7E-AB17-FBFFBF74FF1C}.DebugWilly|Windows-x86.Build.0 = Debug|Any CPU
		{00E21C39-77D5-4A7E-AB17-FBFFBF74FF1C}.DebugWilly|x86.ActiveCfg = Debug|Any CPU
		{00E21C39-77D5-4A7E-AB17-FBFFBF74FF1C}.DebugWilly|x86.Build.0 = Debug|Any CPU
		{00E21C39-77D5-4A7E-AB17-FBFFBF74FF1C}.Development|Android.ActiveCfg = Debug|Any CPU
		{00E21C39-77D5-4A7E-AB17-FBFFBF74FF1C}.Development|Android.Build.0 = Debug|Any CPU
		{00E21C39-77D5-4A7E-AB17-FBFFBF74FF1C}.Development|Any CPU.ActiveCfg = Debug|Any CPU
		{00E21C39-77D5-4A7E-AB17-FBFFBF74FF1C}.Development|Any CPU.Build.0 = Debug|Any CPU
		{00E21C39-77D5-4A7E-AB17-FBFFBF74FF1C}.Development|iOS.ActiveCfg = Debug|Any CPU
		{00E21C39-77D5-4A7E-AB17-FBFFBF74FF1C}.Development|iOS.Build.0 = Debug|Any CPU
		{00E21C39-77D5-4A7E-AB17-FBFFBF74FF1C}.Development|Mixed Platforms.ActiveCfg = Debug|Any CPU
		{00E21C39-77D5-4A7E-AB17-FBFFBF74FF1C}.Development|Mixed Platforms.Build.0 = Debug|Any CPU
		{00E21C39-77D5-4A7E-AB17-FBFFBF74FF1C}.Development|Windows-ARM.ActiveCfg = Debug|Any CPU
		{00E21C39-77D5-4A7E-AB17-FBFFBF74FF1C}.Development|Windows-ARM.Build.0 = Debug|Any CPU
		{00E21C39-77D5-4A7E-AB17-FBFFBF74FF1C}.Development|Windows-x64.ActiveCfg = Debug|Any CPU
		{00E21C39-77D5-4A7E-AB17-FBFFBF74FF1C}.Development|Windows-x64.Build.0 = Debug|Any CPU
		{00E21C39-77D5-4A7E-AB17-FBFFBF74FF1C}.Development|Windows-x86.ActiveCfg = Debug|Any CPU
		{00E21C39-77D5-4A7E-AB17-FBFFBF74FF1C}.Development|Windows-x86.Build.0 = Debug|Any CPU
		{00E21C39-77D5-4A7E-AB17-FBFFBF74FF1C}.Development|x86.ActiveCfg = Debug|Any CPU
		{00E21C39-77D5-4A7E-AB17-FBFFBF74FF1C}.Development|x86.Build.0 = Debug|Any CPU
		{00E21C39-77D5-4A7E-AB17-FBFFBF74FF1C}.Release|Android.ActiveCfg = Debug|Any CPU
		{00E21C39-77D5-4A7E-AB17-FBFFBF74FF1C}.Release|Android.Build.0 = Debug|Any CPU
		{00E21C39-77D5-4A7E-AB17-FBFFBF74FF1C}.Release|Any CPU.ActiveCfg = Debug|Any CPU
		{00E21C39-77D5-4A7E-AB17-FBFFBF74FF1C}.Release|Any CPU.Build.0 = Debug|Any CPU
		{00E21C39-77D5-4A7E-AB17-FBFFBF74FF1C}.Release|iOS.ActiveCfg = Debug|Any CPU
		{00E21C39-77D5-4A7E-AB17-FBFFBF74FF1C}.Release|iOS.Build.0 = Debug|Any CPU
		{00E21C39-77D5-4A7E-AB17-FBFFBF74FF1C}.Release|Mixed Platforms.ActiveCfg = Debug|Any CPU
		{00E21C39-77D5-4A7E-AB17-FBFFBF74FF1C}.Release|Mixed Platforms.Build.0 = Debug|Any CPU
		{00E21C39-77D5-4A7E-AB17-FBFFBF74FF1C}.Release|Windows-ARM.ActiveCfg = Debug|Any CPU
		{00E21C39-77D5-4A7E-AB17-FBFFBF74FF1C}.Release|Windows-ARM.Build.0 = Debug|Any CPU
		{00E21C39-77D5-4A7E-AB17-FBFFBF74FF1C}.Release|Windows-x64.ActiveCfg = Debug|Any CPU
		{00E21C39-77D5-4A7E-AB17-FBFFBF74FF1C}.Release|Windows-x64.Build.0 = Debug|Any CPU
		{00E21C39-77D5-4A7E-AB17-FBFFBF74FF1C}.Release|Windows-x86.ActiveCfg = Debug|Any CPU
		{00E21C39-77D5-4A7E-AB17-FBFFBF74FF1C}.Release|Windows-x86.Build.0 = Debug|Any CPU
		{00E21C39-77D5-4A7E-AB17-FBFFBF74FF1C}.Release|x86.ActiveCfg = Debug|Any CPU
		{00E21C39-77D5-4A7E-AB17-FBFFBF74FF1C}.Release|x86.Build.0 = Debug|Any CPU
	EndGlobalSection
	GlobalSection(SolutionProperties) = preSolution
		HideSolutionNode = FALSE
	EndGlobalSection
	GlobalSection(NestedProjects) = preSolution
		{AD47E999-E287-4218-AA37-C6C22B899D33} = {A7AAB93D-0E57-4580-96C8-51710EF8D2FA}
		{D36118EC-8AAB-4E61-B264-5D29A5232BDC} = {A7AAB93D-0E57-4580-96C8-51710EF8D2FA}
		{715BC03D-B453-4269-B1F4-08EDEF0BE038} = {A7AAB93D-0E57-4580-96C8-51710EF8D2FA}
	EndGlobalSection
	GlobalSection(ExtensibilityGlobals) = postSolution
		SolutionGuid = {BA84E6F6-744F-4F96-A6E6-A94CE35E7D60}
	EndGlobalSection
	GlobalSection(TestCaseManagementSettings) = postSolution
		CategoryFile = ProntoMVC.vsmdi
	EndGlobalSection
EndGlobal
