
Microsoft Visual Studio Solution File, Format Version 11.00
# Visual Studio 2010
Project("{F184B08F-C81C-45F6-A57F-5ABD9991F28F}") = "BusinessObject", "BusinessObject.vbproj", "{918DDC53-B568-4181-86C3-A3A44DFA6149}"
EndProject
Global
	GlobalSection(SolutionConfigurationPlatforms) = preSolution
		Debug|Any CPU = Debug|Any CPU
		Release|Any CPU = Release|Any CPU
	EndGlobalSection
	GlobalSection(ProjectConfigurationPlatforms) = postSolution
		{918DDC53-B568-4181-86C3-A3A44DFA6149}.Debug|Any CPU.ActiveCfg = Debug|Any CPU
		{918DDC53-B568-4181-86C3-A3A44DFA6149}.Debug|Any CPU.Build.0 = Debug|Any CPU
		{918DDC53-B568-4181-86C3-A3A44DFA6149}.Release|Any CPU.ActiveCfg = Release|Any CPU
		{918DDC53-B568-4181-86C3-A3A44DFA6149}.Release|Any CPU.Build.0 = Release|Any CPU
	EndGlobalSection
	GlobalSection(SolutionProperties) = preSolution
		HideSolutionNode = FALSE
	EndGlobalSection
EndGlobal
