
Microsoft Visual Studio Solution File, Format Version 10.00
# Visual Studio 2008
Project("{F14B399A-7131-4C87-9E4B-1186C45EF12D}") = "Reportes Williams", "Reportes Williams.rptproj", "{06111BF6-136A-423E-AF52-DE8CC2AF2640}"
EndProject
Global
	GlobalSection(SolutionConfigurationPlatforms) = preSolution
		Debug|Default = Debug|Default
		DebugLocal|Default = DebugLocal|Default
		Release|Default = Release|Default
	EndGlobalSection
	GlobalSection(ProjectConfigurationPlatforms) = postSolution
		{06111BF6-136A-423E-AF52-DE8CC2AF2640}.Debug|Default.ActiveCfg = Debug
		{06111BF6-136A-423E-AF52-DE8CC2AF2640}.Debug|Default.Build.0 = DebugLocal
		{06111BF6-136A-423E-AF52-DE8CC2AF2640}.Debug|Default.Deploy.0 = DebugLocal
		{06111BF6-136A-423E-AF52-DE8CC2AF2640}.DebugLocal|Default.ActiveCfg = DebugLocal
		{06111BF6-136A-423E-AF52-DE8CC2AF2640}.DebugLocal|Default.Build.0 = DebugLocal
		{06111BF6-136A-423E-AF52-DE8CC2AF2640}.Release|Default.ActiveCfg = Release
		{06111BF6-136A-423E-AF52-DE8CC2AF2640}.Release|Default.Build.0 = Release
		{06111BF6-136A-423E-AF52-DE8CC2AF2640}.Release|Default.Deploy.0 = Release
	EndGlobalSection
	GlobalSection(SolutionProperties) = preSolution
		HideSolutionNode = FALSE
	EndGlobalSection
EndGlobal
